
Microsoft Visual Studio Solution File, Format Version 12.00
# Visual Studio 2012
Project("{FAE04EC0-301F-11D3-BF4B-00C04F79EFBC}") = "Gridsum.DataflowEx", "Gridsum.DataflowEx\Gridsum.DataflowEx.csproj", "{A4FD6288-AE2E-4C28-B7D4-D317D1601E86}"
EndProject
Project("{2150E333-8FDC-42A3-9474-1A3956D46DE8}") = ".nuget", ".nuget", "{77014771-4A9D-4A59-AB9D-B587668F5233}"
	ProjectSection(SolutionItems) = preProject
		.nuget\NuGet.Config = .nuget\NuGet.Config
		.nuget\NuGet.exe = .nuget\NuGet.exe
		.nuget\NuGet.targets = .nuget\NuGet.targets
	EndProjectSection
EndProject
Project("{FAE04EC0-301F-11D3-BF4B-00C04F79EFBC}") = "Gridsum.DataflowEx.Test", "Gridsum.DataflowEx.Test\Gridsum.DataflowEx.Test.csproj", "{E5089AD2-0BE8-48E8-B361-A4C38B016C76}"
EndProject
Global
	GlobalSection(SolutionConfigurationPlatforms) = preSolution
		Debug|Any CPU = Debug|Any CPU
		Release|Any CPU = Release|Any CPU
	EndGlobalSection
	GlobalSection(ProjectConfigurationPlatforms) = postSolution
		{A4FD6288-AE2E-4C28-B7D4-D317D1601E86}.Debug|Any CPU.ActiveCfg = Debug|Any CPU
		{A4FD6288-AE2E-4C28-B7D4-D317D1601E86}.Debug|Any CPU.Build.0 = Debug|Any CPU
		{A4FD6288-AE2E-4C28-B7D4-D317D1601E86}.Release|Any CPU.ActiveCfg = Release|Any CPU
		{A4FD6288-AE2E-4C28-B7D4-D317D1601E86}.Release|Any CPU.Build.0 = Release|Any CPU
		{E5089AD2-0BE8-48E8-B361-A4C38B016C76}.Debug|Any CPU.ActiveCfg = Debug|Any CPU
		{E5089AD2-0BE8-48E8-B361-A4C38B016C76}.Debug|Any CPU.Build.0 = Debug|Any CPU
		{E5089AD2-0BE8-48E8-B361-A4C38B016C76}.Release|Any CPU.ActiveCfg = Release|Any CPU
		{E5089AD2-0BE8-48E8-B361-A4C38B016C76}.Release|Any CPU.Build.0 = Release|Any CPU
	EndGlobalSection
	GlobalSection(SolutionProperties) = preSolution
		HideSolutionNode = FALSE
	EndGlobalSection
EndGlobal
